{
  "nodes": {
    "mobile-nixos": {
      "flake": false,
      "locked": {
        "lastModified": 1680565635,
        "narHash": "sha256-eiZhWoSBFSwwfYTKMZuQrYJHKfjBzSqD5PLVoA7Zxew=",
        "owner": "matthewcroughan",
        "repo": "mobile-nixos",
        "rev": "71480a82bb5586c66573ad580518e320ee394d39",
        "type": "github"
      },
      "original": {
        "owner": "matthewcroughan",
        "repo": "mobile-nixos",
        "rev": "71480a82bb5586c66573ad580518e320ee394d39",
        "type": "github"
      }
    },
    "nixpkgs": {
      "locked": {
        "lastModified": 1681269223,
        "narHash": "sha256-i6OeI2f7qGvmLfD07l1Az5iBL+bFeP0RHixisWtpUGo=",
        "owner": "nixos",
        "repo": "nixpkgs",
        "rev": "87edbd74246ccdfa64503f334ed86fa04010bab9",
        "type": "github"
      },
      "original": {
        "owner": "nixos",
        "ref": "nixos-22.11",
        "repo": "nixpkgs",
        "type": "github"
      }
    },
    "root": {
      "inputs": {
        "mobile-nixos": "mobile-nixos",
        "nixpkgs": "nixpkgs"
      }
    }
  },
  "root": "root",
  "version": 7
}
