{
  "nodes": {
    "mobile-nixos": {
      "flake": false,
      "locked": {
        "lastModified": 1681586064,
        "narHash": "sha256-4X9AdE7BW1zNIO4+aAqX+3y4fXKDio/ZCve3RB6lwVI=",
        "owner": "matthewcroughan",
        "repo": "mobile-nixos",
        "rev": "cb9041dbd26fae523a1451d11219874de55cbe98",
        "type": "github"
      },
      "original": {
        "owner": "matthewcroughan",
        "repo": "mobile-nixos",
        "rev": "cb9041dbd26fae523a1451d11219874de55cbe98",
        "type": "github"
      }
    },
    "nixpkgs": {
      "locked": {
        "lastModified": 1678253427,
        "narHash": "sha256-CvJZrHNTwHcRxuHIEXlKcMHalVPa0Aj6n3gOGAgfUtk=",
        "owner": "nixos",
        "repo": "nixpkgs",
        "rev": "a36fdb523f401b4036e836374fd3d6dab0880f88",
        "type": "github"
      },
      "original": {
        "owner": "nixos",
        "ref": "a36fdb5",
        "repo": "nixpkgs",
        "type": "github"
      }
    },
    "root": {
      "inputs": {
        "mobile-nixos": "mobile-nixos",
        "nixpkgs": "nixpkgs"
      }
    }
  },
  "root": "root",
  "version": 7
}
