{
  "nodes": {
    "mobile-nixos": {
      "flake": false,
      "locked": {
        "lastModified": 1680565635,
        "narHash": "sha256-eiZhWoSBFSwwfYTKMZuQrYJHKfjBzSqD5PLVoA7Zxew=",
        "owner": "matthewcroughan",
        "repo": "mobile-nixos",
        "rev": "71480a82bb5586c66573ad580518e320ee394d39",
        "type": "github"
      },
      "original": {
        "owner": "matthewcroughan",
        "repo": "mobile-nixos",
        "rev": "71480a82bb5586c66573ad580518e320ee394d39",
        "type": "github"
      }
    },
    "nixpkgs": {
      "locked": {
        "lastModified": 1678253427,
        "narHash": "sha256-CvJZrHNTwHcRxuHIEXlKcMHalVPa0Aj6n3gOGAgfUtk=",
        "owner": "nixos",
        "repo": "nixpkgs",
        "rev": "a36fdb523f401b4036e836374fd3d6dab0880f88",
        "type": "github"
      },
      "original": {
        "owner": "nixos",
        "ref": "a36fdb5",
        "repo": "nixpkgs",
        "type": "github"
      }
    },
    "root": {
      "inputs": {
        "mobile-nixos": "mobile-nixos",
        "nixpkgs": "nixpkgs"
      }
    }
  },
  "root": "root",
  "version": 7
}
